{
  "object": {
    "pins": [
      {
        "package": "CorePlot",
        "repositoryURL": "http://github.com/core-plot/core-plot",
        "state": {
          "branch": "release-2.4",
          "revision": "dd5bae9874288df6029d1f79c2081e97b413f5c2",
          "version": null
        }
      }
    ]
  },
  "version": 1
}
